PODS:
  - FDFullscreenPopGesture (1.1)

DEPENDENCIES:
  - FDFullscreenPopGesture

SPEC REPOS:
  https://github.com/cocoapods/specs.git:
    - FDFullscreenPopGesture

SPEC CHECKSUMS:
  FDFullscreenPopGesture: a8a620179e3d9c40e8e00256dcee1c1a27c6d0f0

PODFILE CHECKSUM: f30596b78da36a90d6ff9b40ce6bdf0389189ca7

COCOAPODS: 1.6.1
